
Microsoft Visual Studio Solution File, Format Version 11.00
# Visual Studio 2010
Project("{FAE04EC0-301F-11D3-BF4B-00C04F79EFBC}") = "StraliSolutions.SPDBClaimProvider", "StraliSolutions.SPDBClaimProvider\StraliSolutions.SPDBClaimProvider.csproj", "{62980A76-C064-4D27-9469-2BD32D60B770}"
EndProject
Global
	GlobalSection(SolutionConfigurationPlatforms) = preSolution
		Debug|Any CPU = Debug|Any CPU
		Release|Any CPU = Release|Any CPU
	EndGlobalSection
	GlobalSection(ProjectConfigurationPlatforms) = postSolution
		{62980A76-C064-4D27-9469-2BD32D60B770}.Debug|Any CPU.ActiveCfg = Debug|Any CPU
		{62980A76-C064-4D27-9469-2BD32D60B770}.Debug|Any CPU.Build.0 = Debug|Any CPU
		{62980A76-C064-4D27-9469-2BD32D60B770}.Debug|Any CPU.Deploy.0 = Debug|Any CPU
		{62980A76-C064-4D27-9469-2BD32D60B770}.Release|Any CPU.ActiveCfg = Release|Any CPU
		{62980A76-C064-4D27-9469-2BD32D60B770}.Release|Any CPU.Build.0 = Release|Any CPU
		{62980A76-C064-4D27-9469-2BD32D60B770}.Release|Any CPU.Deploy.0 = Release|Any CPU
	EndGlobalSection
	GlobalSection(SolutionProperties) = preSolution
		HideSolutionNode = FALSE
	EndGlobalSection
EndGlobal
